// !$*UTF8*$!
{
	archiveVersion = 1;
	classes = {
	};
	objectVersion = 50;
	objects = {

/* Begin PBXBuildFile section */
		82F0AA54247B9B4B0065C271 /* AppDelegate.swift in Sources */ = {isa = PBXBuildFile; fileRef = 82F0AA53247B9B4B0065C271 /* AppDelegate.swift */; };
		82F0AA56247B9B4B0065C271 /* SceneDelegate.swift in Sources */ = {isa = PBXBuildFile; fileRef = 82F0AA55247B9B4B0065C271 /* SceneDelegate.swift */; };
		82F0AA58247B9B4B0065C271 /* ViewController.swift in Sources */ = {isa = PBXBuildFile; fileRef = 82F0AA57247B9B4B0065C271 /* ViewController.swift */; };
		82F0AA5B247B9B4B0065C271 /* Main.storyboard in Resources */ = {isa = PBXBuildFile; fileRef = 82F0AA59247B9B4B0065C271 /* Main.storyboard */; };
		82F0AA5D247B9B4D0065C271 /* Assets.xcassets in Resources */ = {isa = PBXBuildFile; fileRef = 82F0AA5C247B9B4D0065C271 /* Assets.xcassets */; };
		82F0AA60247B9B4D0065C271 /* LaunchScreen.storyboard in Resources */ = {isa = PBXBuildFile; fileRef = 82F0AA5E247B9B4D0065C271 /* LaunchScreen.storyboard */; };
/* End PBXBuildFile section */

/* Begin PBXFileReference section */
		82F0AA50247B9B4B0065C271 /* MyThirdApp.app */ = {isa = PBXFileReference; explicitFileType = wrapper.application; includeInIndex = 0; path = MyThirdApp.app; sourceTree = BUILT_PRODUCTS_DIR; };
		82F0AA53247B9B4B0065C271 /* AppDelegate.swift */ = {isa = PBXFileReference; lastKnownFileType = sourcecode.swift; path = AppDelegate.swift; sourceTree = "<group>"; };
		82F0AA55247B9B4B0065C271 /* SceneDelegate.swift */ = {isa = PBXFileReference; lastKnownFileType = sourcecode.swift; path = SceneDelegate.swift; sourceTree = "<group>"; };
		82F0AA57247B9B4B0065C271 /* ViewController.swift */ = {isa = PBXFileReference; lastKnownFileType = sourcecode.swift; path = ViewController.swift; sourceTree = "<group>"; };
		82F0AA5A247B9B4B0065C271 /* Base */ = {isa = PBXFileReference; lastKnownFileType = file.storyboard; name = Base; path = Base.lproj/Main.storyboard; sourceTree = "<group>"; };
		82F0AA5C247B9B4D0065C271 /* Assets.xcassets */ = {isa = PBXFileReference; lastKnownFileType = folder.assetcatalog; path = Assets.xcassets; sourceTree = "<group>"; };
		82F0AA5F247B9B4D0065C271 /* Base */ = {isa = PBXFileReference; lastKnownFileType = file.storyboard; name = Base; path = Base.lproj/LaunchScreen.storyboard; sourceTree = "<group>"; };
		82F0AA61247B9B4D0065C271 /* Info.plist */ = {isa = PBXFileReference; lastKnownFileType = text.plist.xml; path = Info.plist; sourceTree = "<group>"; };
/* End PBXFileReference section */

/* Begin PBXFrameworksBuildPhase section */
		82F0AA4D247B9B4B0065C271 /* Frameworks */ = {
			isa = PBXFrameworksBuildPhase;
			buildActionMask = 2147483647;
			files = (
			);
			runOnlyForDeploymentPostprocessing = 0;
		};
/* End PBXFrameworksBuildPhase section */

/* Begin PBXGroup section */
		82F0AA47247B9B4B0065C271 = {
			isa = PBXGroup;
			children = (
				82F0AA52247B9B4B0065C271 /* MyThirdApp */,
				82F0AA51247B9B4B0065C271 /* Products */,
			);
			sourceTree = "<group>";
		};
		82F0AA51247B9B4B0065C271 /* Products */ = {
			isa = PBXGroup;
			children = (
				82F0AA50247B9B4B0065C271 /* MyThirdApp.app */,
			);
			name = Products;
			sourceTree = "<group>";
		};
		82F0AA52247B9B4B0065C271 /* MyThirdApp */ = {
			isa = PBXGroup;
			children = (
				82F0AA53247B9B4B0065C271 /* AppDelegate.swift */,
				82F0AA55247B9B4B0065C271 /* SceneDelegate.swift */,
				82F0AA57247B9B4B0065C271 /* ViewController.swift */,
				82F0AA59247B9B4B0065C271 /* Main.storyboard */,
				82F0AA5C247B9B4D0065C271 /* Assets.xcassets */,
				82F0AA5E247B9B4D0065C271 /* LaunchScreen.storyboard */,
				82F0AA61247B9B4D0065C271 /* Info.plist */,
			);
			path = MyThirdApp;
			sourceTree = "<group>";
		};
/* End PBXGroup section */

/* Begin PBXNativeTarget section */
		82F0AA4F247B9B4B0065C271 /* MyThirdApp */ = {
			isa = PBXNativeTarget;
			buildConfigurationList = 82F0AA64247B9B4D0065C271 /* Build configuration list for PBXNativeTarget "MyThirdApp" */;
			buildPhases = (
				82F0AA4C247B9B4B0065C271 /* Sources */,
				82F0AA4D247B9B4B0065C271 /* Frameworks */,
				82F0AA4E247B9B4B0065C271 /* Resources */,
			);
			buildRules = (
			);
			dependencies = (
			);
			name = MyThirdApp;
			productName = MyThirdApp;
			productReference = 82F0AA50247B9B4B0065C271 /* MyThirdApp.app */;
			productType = "com.apple.product-type.application";
		};
/* End PBXNativeTarget section */

/* Begin PBXProject section */
		82F0AA48247B9B4B0065C271 /* Project object */ = {
			isa = PBXProject;
			attributes = {
				LastSwiftUpdateCheck = 1140;
				LastUpgradeCheck = 1140;
				ORGANIZATIONNAME = "Виталик Молоков";
				TargetAttributes = {
					82F0AA4F247B9B4B0065C271 = {
						CreatedOnToolsVersion = 11.4.1;
					};
				};
			};
			buildConfigurationList = 82F0AA4B247B9B4B0065C271 /* Build configuration list for PBXProject "MyThirdApp" */;
			compatibilityVersion = "Xcode 9.3";
			developmentRegion = en;
			hasScannedForEncodings = 0;
			knownRegions = (
				en,
				Base,
			);
			mainGroup = 82F0AA47247B9B4B0065C271;
			productRefGroup = 82F0AA51247B9B4B0065C271 /* Products */;
			projectDirPath = "";
			projectRoot = "";
			targets = (
				82F0AA4F247B9B4B0065C271 /* MyThirdApp */,
			);
		};
/* End PBXProject section */

/* Begin PBXResourcesBuildPhase section */
		82F0AA4E247B9B4B0065C271 /* Resources */ = {
			isa = PBXResourcesBuildPhase;
			buildActionMask = 2147483647;
			files = (
				82F0AA60247B9B4D0065C271 /* LaunchScreen.storyboard in Resources */,
				82F0AA5D247B9B4D0065C271 /* Assets.xcassets in Resources */,
				82F0AA5B247B9B4B0065C271 /* Main.storyboard in Resources */,
			);
			runOnlyForDeploymentPostprocessing = 0;
		};
/* End PBXResourcesBuildPhase section */

/* Begin PBXSourcesBuildPhase section */
		82F0AA4C247B9B4B0065C271 /* Sources */ = {
			isa = PBXSourcesBuildPhase;
			buildActionMask = 2147483647;
			files = (
				82F0AA58247B9B4B0065C271 /* ViewController.swift in Sources */,
				82F0AA54247B9B4B0065C271 /* AppDelegate.swift in Sources */,
				82F0AA56247B9B4B0065C271 /* SceneDelegate.swift in Sources */,
			);
			runOnlyForDeploymentPostprocessing = 0;
		};
/* End PBXSourcesBuildPhase section */

/* Begin PBXVariantGroup section */
		82F0AA59247B9B4B0065C271 /* Main.storyboard */ = {
			isa = PBXVariantGroup;
			children = (
				82F0AA5A247B9B4B0065C271 /* Base */,
			);
			name = Main.storyboard;
			sourceTree = "<group>";
		};
		82F0AA5E247B9B4D0065C271 /* LaunchScreen.storyboard */ = {
			isa = PBXVariantGroup;
			children = (
				82F0AA5F247B9B4D0065C271 /* Base */,
			);
			name = LaunchScreen.storyboard;
			sourceTree = "<group>";
		};
/* End PBXVariantGroup section */

/* Begin XCBuildConfiguration section */
		82F0AA62247B9B4D0065C271 /* Debug */ = {
			isa = XCBuildConfiguration;
			buildSettings = {
				ALWAYS_SEARCH_USER_PATHS = NO;
				CLANG_ANALYZER_NONNULL = YES;
				CLANG_ANALYZER_NUMBER_OBJECT_CONVERSION = YES_AGGRESSIVE;
				CLANG_CXX_LANGUAGE_STANDARD = "gnu++14";
				CLANG_CXX_LIBRARY = "libc++";
				CLANG_ENABLE_MODULES = YES;
				CLANG_ENABLE_OBJC_ARC = YES;
				CLANG_ENABLE_OBJC_WEAK = YES;
				CLANG_WARN_BLOCK_CAPTURE_AUTORELEASING = YES;
				CLANG_WARN_BOOL_CONVERSION = YES;
				CLANG_WARN_COMMA = YES;
				CLANG_WARN_CONSTANT_CONVERSION = YES;
				CLANG_WARN_DEPRECATED_OBJC_IMPLEMENTATIONS = YES;
				CLANG_WARN_DIRECT_OBJC_ISA_USAGE = YES_ERROR;
				CLANG_WARN_DOCUMENTATION_COMMENTS = YES;
				CLANG_WARN_EMPTY_BODY = YES;
				CLANG_WARN_ENUM_CONVERSION = YES;
				CLANG_WARN_INFINITE_RECURSION = YES;
				CLANG_WARN_INT_CONVERSION = YES;
				CLANG_WARN_NON_LITERAL_NULL_CONVERSION = YES;
				CLANG_WARN_OBJC_IMPLICIT_RETAIN_SELF = YES;
				CLANG_WARN_OBJC_LITERAL_CONVERSION = YES;
				CLANG_WARN_OBJC_ROOT_CLASS = YES_ERROR;
				CLANG_WARN_RANGE_LOOP_ANALYSIS = YES;
				CLANG_WARN_STRICT_PROTOTYPES = YES;
				CLANG_WARN_SUSPICIOUS_MOVE = YES;
				CLANG_WARN_UNGUARDED_AVAILABILITY = YES_AGGRESSIVE;
				CLANG_WARN_UNREACHABLE_CODE = YES;
				CLANG_WARN__DUPLICATE_METHOD_MATCH = YES;
				COPY_PHASE_STRIP = NO;
				DEBUG_INFORMATION_FORMAT = dwarf;
				ENABLE_STRICT_OBJC_MSGSEND = YES;
				ENABLE_TESTABILITY = YES;
				GCC_C_LANGUAGE_STANDARD = gnu11;
				GCC_DYNAMIC_NO_PIC = NO;
				GCC_NO_COMMON_BLOCKS = YES;
				GCC_OPTIMIZATION_LEVEL = 0;
				GCC_PREPROCESSOR_DEFINITIONS = (
					"DEBUG=1",
					"$(inherited)",
				);
				GCC_WARN_64_TO_32_BIT_CONVERSION = YES;
				GCC_WARN_ABOUT_RETURN_TYPE = YES_ERROR;
				GCC_WARN_UNDECLARED_SELECTOR = YES;
				GCC_WARN_UNINITIALIZED_AUTOS = YES_AGGRESSIVE;
				GCC_WARN_UNUSED_FUNCTION = YES;
				GCC_WARN_UNUSED_VARIABLE = YES;
				IPHONEOS_DEPLOYMENT_TARGET = 13.4;
				MTL_ENABLE_DEBUG_INFO = INCLUDE_SOURCE;
				MTL_FAST_MATH = YES;
				ONLY_ACTIVE_ARCH = YES;
				SDKROOT = iphoneos;
				SWIFT_ACTIVE_COMPILATION_CONDITIONS = DEBUG;
				SWIFT_OPTIMIZATION_LEVEL = "-Onone";
			};
			name = Debug;
		};
		82F0AA63247B9B4D0065C271 /* Release */ = {
			isa = XCBuildConfiguration;
			buildSettings = {
				ALWAYS_SEARCH_USER_PATHS = NO;
				CLANG_ANALYZER_NONNULL = YES;
				CLANG_ANALYZER_NUMBER_OBJECT_CONVERSION = YES_AGGRESSIVE;
				CLANG_CXX_LANGUAGE_STANDARD = "gnu++14";
				CLANG_CXX_LIBRARY = "libc++";
				CLANG_ENABLE_MODULES = YES;
				CLANG_ENABLE_OBJC_ARC = YES;
				CLANG_ENABLE_OBJC_WEAK = YES;
				CLANG_WARN_BLOCK_CAPTURE_AUTORELEASING = YES;
				CLANG_WARN_BOOL_CONVERSION = YES;
				CLANG_WARN_COMMA = YES;
				CLANG_WARN_CONSTANT_CONVERSION = YES;
				CLANG_WARN_DEPRECATED_OBJC_IMPLEMENTATIONS = YES;
				CLANG_WARN_DIRECT_OBJC_ISA_USAGE = YES_ERROR;
				CLANG_WARN_DOCUMENTATION_COMMENTS = YES;
				CLANG_WARN_EMPTY_BODY = YES;
				CLANG_WARN_ENUM_CONVERSION = YES;
				CLANG_WARN_INFINITE_RECURSION = YES;
				CLANG_WARN_INT_CONVERSION = YES;
				CLANG_WARN_NON_LITERAL_NULL_CONVERSION = YES;
				CLANG_WARN_OBJC_IMPLICIT_RETAIN_SELF = YES;
				CLANG_WARN_OBJC_LITERAL_CONVERSION = YES;
				CLANG_WARN_OBJC_ROOT_CLASS = YES_ERROR;
				CLANG_WARN_RANGE_LOOP_ANALYSIS = YES;
				CLANG_WARN_STRICT_PROTOTYPES = YES;
				CLANG_WARN_SUSPICIOUS_MOVE = YES;
				CLANG_WARN_UNGUARDED_AVAILABILITY = YES_AGGRESSIVE;
				CLANG_WARN_UNREACHABLE_CODE = YES;
				CLANG_WARN__DUPLICATE_METHOD_MATCH = YES;
				COPY_PHASE_STRIP = NO;
				DEBUG_INFORMATION_FORMAT = "dwarf-with-dsym";
				ENABLE_NS_ASSERTIONS = NO;
				ENABLE_STRICT_OBJC_MSGSEND = YES;
				GCC_C_LANGUAGE_STANDARD = gnu11;
				GCC_NO_COMMON_BLOCKS = YES;
				GCC_WARN_64_TO_32_BIT_CONVERSION = YES;
				GCC_WARN_ABOUT_RETURN_TYPE = YES_ERROR;
				GCC_WARN_UNDECLARED_SELECTOR = YES;
				GCC_WARN_UNINITIALIZED_AUTOS = YES_AGGRESSIVE;
				GCC_WARN_UNUSED_FUNCTION = YES;
				GCC_WARN_UNUSED_VARIABLE = YES;
				IPHONEOS_DEPLOYMENT_TARGET = 13.4;
				MTL_ENABLE_DEBUG_INFO = NO;
				MTL_FAST_MATH = YES;
				SDKROOT = iphoneos;
				SWIFT_COMPILATION_MODE = wholemodule;
				SWIFT_OPTIMIZATION_LEVEL = "-O";
				VALIDATE_PRODUCT = YES;
			};
			name = Release;
		};
		82F0AA65247B9B4D0065C271 /* Debug */ = {
			isa = XCBuildConfiguration;
			buildSettings = {
				ASSETCATALOG_COMPILER_APPICON_NAME = AppIcon;
				CODE_SIGN_STYLE = Automatic;
				DEVELOPMENT_TEAM = TBKRN76F6S;
				INFOPLIST_FILE = MyThirdApp/Info.plist;
				LD_RUNPATH_SEARCH_PATHS = (
					"$(inherited)",
					"@executable_path/Frameworks",
				);
				PRODUCT_BUNDLE_IDENTIFIER = vmolokov.MyThirdApp;
				PRODUCT_NAME = "$(TARGET_NAME)";
				SWIFT_VERSION = 5.0;
				TARGETED_DEVICE_FAMILY = "1,2";
			};
			name = Debug;
		};
		82F0AA66247B9B4D0065C271 /* Release */ = {
			isa = XCBuildConfiguration;
			buildSettings = {
				ASSETCATALOG_COMPILER_APPICON_NAME = AppIcon;
				CODE_SIGN_STYLE = Automatic;
				DEVELOPMENT_TEAM = TBKRN76F6S;
				INFOPLIST_FILE = MyThirdApp/Info.plist;
				LD_RUNPATH_SEARCH_PATHS = (
					"$(inherited)",
					"@executable_path/Frameworks",
				);
				PRODUCT_BUNDLE_IDENTIFIER = vmolokov.MyThirdApp;
				PRODUCT_NAME = "$(TARGET_NAME)";
				SWIFT_VERSION = 5.0;
				TARGETED_DEVICE_FAMILY = "1,2";
			};
			name = Release;
		};
/* End XCBuildConfiguration section */

/* Begin XCConfigurationList section */
		82F0AA4B247B9B4B0065C271 /* Build configuration list for PBXProject "MyThirdApp" */ = {
			isa = XCConfigurationList;
			buildConfigurations = (
				82F0AA62247B9B4D0065C271 /* Debug */,
				82F0AA63247B9B4D0065C271 /* Release */,
			);
			defaultConfigurationIsVisible = 0;
			defaultConfigurationName = Release;
		};
		82F0AA64247B9B4D0065C271 /* Build configuration list for PBXNativeTarget "MyThirdApp" */ = {
			isa = XCConfigurationList;
			buildConfigurations = (
				82F0AA65247B9B4D0065C271 /* Debug */,
				82F0AA66247B9B4D0065C271 /* Release */,
			);
			defaultConfigurationIsVisible = 0;
			defaultConfigurationName = Release;
		};
/* End XCConfigurationList section */
	};
	rootObject = 82F0AA48247B9B4B0065C271 /* Project object */;
}
